Microsoft Visual Studio Solution File, Format Version 12.00
# Visual Studio Version 17
VisualStudioVersion = 17.5.2.0
MinimumVisualStudioVersion = 10.0.40219.1
Project("{FAE04EC0-301F-11D3-BF4B-00C04F79EFBC}") = "DCIT 318 ASSIGN.1", "DCIT 318 ASSIGN.1.csproj", "{A81B5606-200C-9C71-ED94-EA5860F6C89A}"
EndProject
Global
	GlobalSection(SolutionConfigurationPlatforms) = preSolution
		Debug|Any CPU = Debug|Any CPU
		Release|Any CPU = Release|Any CPU
	EndGlobalSection
	GlobalSection(ProjectConfigurationPlatforms) = postSolution
		{A81B5606-200C-9C71-ED94-EA5860F6C89A}.Debug|Any CPU.ActiveCfg = Debug|Any CPU
		{A81B5606-200C-9C71-ED94-EA5860F6C89A}.Debug|Any CPU.Build.0 = Debug|Any CPU
		{A81B5606-200C-9C71-ED94-EA5860F6C89A}.Release|Any CPU.ActiveCfg = Release|Any CPU
		{A81B5606-200C-9C71-ED94-EA5860F6C89A}.Release|Any CPU.Build.0 = Release|Any CPU
	EndGlobalSection
	GlobalSection(SolutionProperties) = preSolution
		HideSolutionNode = FALSE
	EndGlobalSection
	GlobalSection(ExtensibilityGlobals) = postSolution
		SolutionGuid = {CE75F273-47D9-4D1B-8EB1-A46C77FA2A67}
	EndGlobalSection
EndGlobal
